
Microsoft Visual Studio Solution File, Format Version 12.00
# Visual Studio Version 16
VisualStudioVersion = 16.0.30523.141
MinimumVisualStudioVersion = 15.0.26124.0
Project("{FAE04EC0-301F-11D3-BF4B-00C04F79EFBC}") = "Authorization", "Authorization\Authorization.csproj", "{03BA622D-1A36-4FF7-8295-24BDF531ACF6}"
EndProject
Project("{FAE04EC0-301F-11D3-BF4B-00C04F79EFBC}") = "Authorization.Tests", "Authorization.Tests\Authorization.Tests.csproj", "{E416487A-7DA9-4602-9D53-3D1FEFFA27E7}"
EndProject
Project("{2150E333-8FDC-42A3-9474-1A3956D46DE8}") = "Solution Items", "Solution Items", "{71B74537-FC7E-4DB8-AA29-A94C4BD6DB7E}"
	ProjectSection(SolutionItems) = preProject
		.editorconfig = .editorconfig
	EndProjectSection
EndProject
Global
	GlobalSection(SolutionConfigurationPlatforms) = preSolution
		Debug|Any CPU = Debug|Any CPU
		Debug|x64 = Debug|x64
		Debug|x86 = Debug|x86
		Release|Any CPU = Release|Any CPU
		Release|x64 = Release|x64
		Release|x86 = Release|x86
	EndGlobalSection
	GlobalSection(ProjectConfigurationPlatforms) = postSolution
		{03BA622D-1A36-4FF7-8295-24BDF531ACF6}.Debug|Any CPU.ActiveCfg = Debug|Any CPU
		{03BA622D-1A36-4FF7-8295-24BDF531ACF6}.Debug|Any CPU.Build.0 = Debug|Any CPU
		{03BA622D-1A36-4FF7-8295-24BDF531ACF6}.Debug|x64.ActiveCfg = Debug|Any CPU
		{03BA622D-1A36-4FF7-8295-24BDF531ACF6}.Debug|x64.Build.0 = Debug|Any CPU
		{03BA622D-1A36-4FF7-8295-24BDF531ACF6}.Debug|x86.ActiveCfg = Debug|Any CPU
		{03BA622D-1A36-4FF7-8295-24BDF531ACF6}.Debug|x86.Build.0 = Debug|Any CPU
		{03BA622D-1A36-4FF7-8295-24BDF531ACF6}.Release|Any CPU.ActiveCfg = Release|Any CPU
		{03BA622D-1A36-4FF7-8295-24BDF531ACF6}.Release|Any CPU.Build.0 = Release|Any CPU
		{03BA622D-1A36-4FF7-8295-24BDF531ACF6}.Release|x64.ActiveCfg = Release|Any CPU
		{03BA622D-1A36-4FF7-8295-24BDF531ACF6}.Release|x64.Build.0 = Release|Any CPU
		{03BA622D-1A36-4FF7-8295-24BDF531ACF6}.Release|x86.ActiveCfg = Release|Any CPU
		{03BA622D-1A36-4FF7-8295-24BDF531ACF6}.Release|x86.Build.0 = Release|Any CPU
		{E416487A-7DA9-4602-9D53-3D1FEFFA27E7}.Debug|Any CPU.ActiveCfg = Debug|Any CPU
		{E416487A-7DA9-4602-9D53-3D1FEFFA27E7}.Debug|Any CPU.Build.0 = Debug|Any CPU
		{E416487A-7DA9-4602-9D53-3D1FEFFA27E7}.Debug|x64.ActiveCfg = Debug|Any CPU
		{E416487A-7DA9-4602-9D53-3D1FEFFA27E7}.Debug|x64.Build.0 = Debug|Any CPU
		{E416487A-7DA9-4602-9D53-3D1FEFFA27E7}.Debug|x86.ActiveCfg = Debug|Any CPU
		{E416487A-7DA9-4602-9D53-3D1FEFFA27E7}.Debug|x86.Build.0 = Debug|Any CPU
		{E416487A-7DA9-4602-9D53-3D1FEFFA27E7}.Release|Any CPU.ActiveCfg = Release|Any CPU
		{E416487A-7DA9-4602-9D53-3D1FEFFA27E7}.Release|Any CPU.Build.0 = Release|Any CPU
		{E416487A-7DA9-4602-9D53-3D1FEFFA27E7}.Release|x64.ActiveCfg = Release|Any CPU
		{E416487A-7DA9-4602-9D53-3D1FEFFA27E7}.Release|x64.Build.0 = Release|Any CPU
		{E416487A-7DA9-4602-9D53-3D1FEFFA27E7}.Release|x86.ActiveCfg = Release|Any CPU
		{E416487A-7DA9-4602-9D53-3D1FEFFA27E7}.Release|x86.Build.0 = Release|Any CPU
	EndGlobalSection
	GlobalSection(SolutionProperties) = preSolution
		HideSolutionNode = FALSE
	EndGlobalSection
	GlobalSection(ExtensibilityGlobals) = postSolution
		SolutionGuid = {82110AF5-1DB1-428D-B5DA-9375E4CE2615}
	EndGlobalSection
EndGlobal
